
Microsoft Visual Studio Solution File, Format Version 12.00
# Visual Studio 15
VisualStudioVersion = 15.0.27130.2036
MinimumVisualStudioVersion = 10.0.40219.1
Project("{FAE04EC0-301F-11D3-BF4B-00C04F79EFBC}") = "Quirogapp.Android", "Quirogapp\Quirogapp.Android\Quirogapp.Android.csproj", "{507E2813-1695-4447-B553-E7293058EE48}"
EndProject
Project("{FAE04EC0-301F-11D3-BF4B-00C04F79EFBC}") = "Quirogapp.iOS", "Quirogapp\Quirogapp.iOS\Quirogapp.iOS.csproj", "{264EE8B1-38B7-4F2B-A8AF-3D8AEA100F49}"
EndProject
Project("{FAE04EC0-301F-11D3-BF4B-00C04F79EFBC}") = "Quirogapp.UWP", "Quirogapp\Quirogapp.UWP\Quirogapp.UWP.csproj", "{D46839BB-2216-41AE-B4D2-E49CC02C2AAB}"
EndProject
Project("{FAE04EC0-301F-11D3-BF4B-00C04F79EFBC}") = "Quirogapp", "Quirogapp\Quirogapp\Quirogapp.csproj", "{319E5DE3-EF6B-45FF-A32A-FF415972A712}"
EndProject
Global
	GlobalSection(SolutionConfigurationPlatforms) = preSolution
		Ad-Hoc|Any CPU = Ad-Hoc|Any CPU
		Ad-Hoc|ARM = Ad-Hoc|ARM
		Ad-Hoc|iPhone = Ad-Hoc|iPhone
		Ad-Hoc|iPhoneSimulator = Ad-Hoc|iPhoneSimulator
		Ad-Hoc|x64 = Ad-Hoc|x64
		Ad-Hoc|x86 = Ad-Hoc|x86
		AppStore|Any CPU = AppStore|Any CPU
		AppStore|ARM = AppStore|ARM
		AppStore|iPhone = AppStore|iPhone
		AppStore|iPhoneSimulator = AppStore|iPhoneSimulator
		AppStore|x64 = AppStore|x64
		AppStore|x86 = AppStore|x86
		Debug|Any CPU = Debug|Any CPU
		Debug|ARM = Debug|ARM
		Debug|iPhone = Debug|iPhone
		Debug|iPhoneSimulator = Debug|iPhoneSimulator
		Debug|x64 = Debug|x64
		Debug|x86 = Debug|x86
		Release|Any CPU = Release|Any CPU
		Release|ARM = Release|ARM
		Release|iPhone = Release|iPhone
		Release|iPhoneSimulator = Release|iPhoneSimulator
		Release|x64 = Release|x64
		Release|x86 = Release|x86
	EndGlobalSection
	GlobalSection(ProjectConfigurationPlatforms) = postSolution
		{507E2813-1695-4447-B553-E7293058EE48}.Ad-Hoc|Any CPU.ActiveCfg = Release|Any CPU
		{507E2813-1695-4447-B553-E7293058EE48}.Ad-Hoc|Any CPU.Build.0 = Release|Any CPU
		{507E2813-1695-4447-B553-E7293058EE48}.Ad-Hoc|Any CPU.Deploy.0 = Release|Any CPU
		{507E2813-1695-4447-B553-E7293058EE48}.Ad-Hoc|ARM.ActiveCfg = Release|Any CPU
		{507E2813-1695-4447-B553-E7293058EE48}.Ad-Hoc|ARM.Build.0 = Release|Any CPU
		{507E2813-1695-4447-B553-E7293058EE48}.Ad-Hoc|ARM.Deploy.0 = Release|Any CPU
		{507E2813-1695-4447-B553-E7293058EE48}.Ad-Hoc|iPhone.ActiveCfg = Release|Any CPU
		{507E2813-1695-4447-B553-E7293058EE48}.Ad-Hoc|iPhone.Build.0 = Release|Any CPU
		{507E2813-1695-4447-B553-E7293058EE48}.Ad-Hoc|iPhone.Deploy.0 = Release|Any CPU
		{507E2813-1695-4447-B553-E7293058EE48}.Ad-Hoc|iPhoneSimulator.ActiveCfg = Release|Any CPU
		{507E2813-1695-4447-B553-E7293058EE48}.Ad-Hoc|iPhoneSimulator.Build.0 = Release|Any CPU
		{507E2813-1695-4447-B553-E7293058EE48}.Ad-Hoc|iPhoneSimulator.Deploy.0 = Release|Any CPU
		{507E2813-1695-4447-B553-E7293058EE48}.Ad-Hoc|x64.ActiveCfg = Release|Any CPU
		{507E2813-1695-4447-B553-E7293058EE48}.Ad-Hoc|x64.Build.0 = Release|Any CPU
		{507E2813-1695-4447-B553-E7293058EE48}.Ad-Hoc|x64.Deploy.0 = Release|Any CPU
		{507E2813-1695-4447-B553-E7293058EE48}.Ad-Hoc|x86.ActiveCfg = Release|Any CPU
		{507E2813-1695-4447-B553-E7293058EE48}.Ad-Hoc|x86.Build.0 = Release|Any CPU
		{507E2813-1695-4447-B553-E7293058EE48}.Ad-Hoc|x86.Deploy.0 = Release|Any CPU
		{507E2813-1695-4447-B553-E7293058EE48}.AppStore|Any CPU.ActiveCfg = Release|Any CPU
		{507E2813-1695-4447-B553-E7293058EE48}.AppStore|Any CPU.Build.0 = Release|Any CPU
		{507E2813-1695-4447-B553-E7293058EE48}.AppStore|Any CPU.Deploy.0 = Release|Any CPU
		{507E2813-1695-4447-B553-E7293058EE48}.AppStore|ARM.ActiveCfg = Release|Any CPU
		{507E2813-1695-4447-B553-E7293058EE48}.AppStore|ARM.Build.0 = Release|Any CPU
		{507E2813-1695-4447-B553-E7293058EE48}.AppStore|ARM.Deploy.0 = Release|Any CPU
		{507E2813-1695-4447-B553-E7293058EE48}.AppStore|iPhone.ActiveCfg = Release|Any CPU
		{507E2813-1695-4447-B553-E7293058EE48}.AppStore|iPhone.Build.0 = Release|Any CPU
		{507E2813-1695-4447-B553-E7293058EE48}.AppStore|iPhone.Deploy.0 = Release|Any CPU
		{507E2813-1695-4447-B553-E7293058EE48}.AppStore|iPhoneSimulator.ActiveCfg = Release|Any CPU
		{507E2813-1695-4447-B553-E7293058EE48}.AppStore|iPhoneSimulator.Build.0 = Release|Any CPU
		{507E2813-1695-4447-B553-E7293058EE48}.AppStore|iPhoneSimulator.Deploy.0 = Release|Any CPU
		{507E2813-1695-4447-B553-E7293058EE48}.AppStore|x64.ActiveCfg = Release|Any CPU
		{507E2813-1695-4447-B553-E7293058EE48}.AppStore|x64.Build.0 = Release|Any CPU
		{507E2813-1695-4447-B553-E7293058EE48}.AppStore|x64.Deploy.0 = Release|Any CPU
		{507E2813-1695-4447-B553-E7293058EE48}.AppStore|x86.ActiveCfg = Release|Any CPU
		{507E2813-1695-4447-B553-E7293058EE48}.AppStore|x86.Build.0 = Release|Any CPU
		{507E2813-1695-4447-B553-E7293058EE48}.AppStore|x86.Deploy.0 = Release|Any CPU
		{507E2813-1695-4447-B553-E7293058EE48}.Debug|Any CPU.ActiveCfg = Debug|Any CPU
		{507E2813-1695-4447-B553-E7293058EE48}.Debug|Any CPU.Build.0 = Debug|Any CPU
		{507E2813-1695-4447-B553-E7293058EE48}.Debug|Any CPU.Deploy.0 = Debug|Any CPU
		{507E2813-1695-4447-B553-E7293058EE48}.Debug|ARM.ActiveCfg = Debug|Any CPU
		{507E2813-1695-4447-B553-E7293058EE48}.Debug|ARM.Build.0 = Debug|Any CPU
		{507E2813-1695-4447-B553-E7293058EE48}.Debug|ARM.Deploy.0 = Debug|Any CPU
		{507E2813-1695-4447-B553-E7293058EE48}.Debug|iPhone.ActiveCfg = Debug|Any CPU
		{507E2813-1695-4447-B553-E7293058EE48}.Debug|iPhone.Build.0 = Debug|Any CPU
		{507E2813-1695-4447-B553-E7293058EE48}.Debug|iPhone.Deploy.0 = Debug|Any CPU
		{507E2813-1695-4447-B553-E7293058EE48}.Debug|iPhoneSimulator.ActiveCfg = Debug|Any CPU
		{507E2813-1695-4447-B553-E7293058EE48}.Debug|iPhoneSimulator.Build.0 = Debug|Any CPU
		{507E2813-1695-4447-B553-E7293058EE48}.Debug|iPhoneSimulator.Deploy.0 = Debug|Any CPU
		{507E2813-1695-4447-B553-E7293058EE48}.Debug|x64.ActiveCfg = Debug|Any CPU
		{507E2813-1695-4447-B553-E7293058EE48}.Debug|x64.Build.0 = Debug|Any CPU
		{507E2813-1695-4447-B553-E7293058EE48}.Debug|x64.Deploy.0 = Debug|Any CPU
		{507E2813-1695-4447-B553-E7293058EE48}.Debug|x86.ActiveCfg = Debug|Any CPU
		{507E2813-1695-4447-B553-E7293058EE48}.Debug|x86.Build.0 = Debug|Any CPU
		{507E2813-1695-4447-B553-E7293058EE48}.Debug|x86.Deploy.0 = Debug|Any CPU
		{507E2813-1695-4447-B553-E7293058EE48}.Release|Any CPU.ActiveCfg = Release|Any CPU
		{507E2813-1695-4447-B553-E7293058EE48}.Release|Any CPU.Build.0 = Release|Any CPU
		{507E2813-1695-4447-B553-E7293058EE48}.Release|Any CPU.Deploy.0 = Release|Any CPU
		{507E2813-1695-4447-B553-E7293058EE48}.Release|ARM.ActiveCfg = Release|Any CPU
		{507E2813-1695-4447-B553-E7293058EE48}.Release|ARM.Build.0 = Release|Any CPU
		{507E2813-1695-4447-B553-E7293058EE48}.Release|ARM.Deploy.0 = Release|Any CPU
		{507E2813-1695-4447-B553-E7293058EE48}.Release|iPhone.ActiveCfg = Release|Any CPU
		{507E2813-1695-4447-B553-E7293058EE48}.Release|iPhone.Build.0 = Release|Any CPU
		{507E2813-1695-4447-B553-E7293058EE48}.Release|iPhone.Deploy.0 = Release|Any CPU
		{507E2813-1695-4447-B553-E7293058EE48}.Release|iPhoneSimulator.ActiveCfg = Release|Any CPU
		{507E2813-1695-4447-B553-E7293058EE48}.Release|iPhoneSimulator.Build.0 = Release|Any CPU
		{507E2813-1695-4447-B553-E7293058EE48}.Release|iPhoneSimulator.Deploy.0 = Release|Any CPU
		{507E2813-1695-4447-B553-E7293058EE48}.Release|x64.ActiveCfg = Release|Any CPU
		{507E2813-1695-4447-B553-E7293058EE48}.Release|x64.Build.0 = Release|Any CPU
		{507E2813-1695-4447-B553-E7293058EE48}.Release|x64.Deploy.0 = Release|Any CPU
		{507E2813-1695-4447-B553-E7293058EE48}.Release|x86.ActiveCfg = Release|Any CPU
		{507E2813-1695-4447-B553-E7293058EE48}.Release|x86.Build.0 = Release|Any CPU
		{507E2813-1695-4447-B553-E7293058EE48}.Release|x86.Deploy.0 = Release|Any CPU
		{264EE8B1-38B7-4F2B-A8AF-3D8AEA100F49}.Ad-Hoc|Any CPU.ActiveCfg = Ad-Hoc|iPhone
		{264EE8B1-38B7-4F2B-A8AF-3D8AEA100F49}.Ad-Hoc|ARM.ActiveCfg = Ad-Hoc|iPhone
		{264EE8B1-38B7-4F2B-A8AF-3D8AEA100F49}.Ad-Hoc|iPhone.ActiveCfg = Ad-Hoc|iPhone
		{264EE8B1-38B7-4F2B-A8AF-3D8AEA100F49}.Ad-Hoc|iPhone.Build.0 = Ad-Hoc|iPhone
		{264EE8B1-38B7-4F2B-A8AF-3D8AEA100F49}.Ad-Hoc|iPhoneSimulator.ActiveCfg = Ad-Hoc|iPhoneSimulator
		{264EE8B1-38B7-4F2B-A8AF-3D8AEA100F49}.Ad-Hoc|iPhoneSimulator.Build.0 = Ad-Hoc|iPhoneSimulator
		{264EE8B1-38B7-4F2B-A8AF-3D8AEA100F49}.Ad-Hoc|x64.ActiveCfg = Ad-Hoc|iPhone
		{264EE8B1-38B7-4F2B-A8AF-3D8AEA100F49}.Ad-Hoc|x86.ActiveCfg = Ad-Hoc|iPhone
		{264EE8B1-38B7-4F2B-A8AF-3D8AEA100F49}.AppStore|Any CPU.ActiveCfg = AppStore|iPhone
		{264EE8B1-38B7-4F2B-A8AF-3D8AEA100F49}.AppStore|ARM.ActiveCfg = AppStore|iPhone
		{264EE8B1-38B7-4F2B-A8AF-3D8AEA100F49}.AppStore|iPhone.ActiveCfg = AppStore|iPhone
		{264EE8B1-38B7-4F2B-A8AF-3D8AEA100F49}.AppStore|iPhone.Build.0 = AppStore|iPhone
		{264EE8B1-38B7-4F2B-A8AF-3D8AEA100F49}.AppStore|iPhoneSimulator.ActiveCfg = AppStore|iPhoneSimulator
		{264EE8B1-38B7-4F2B-A8AF-3D8AEA100F49}.AppStore|iPhoneSimulator.Build.0 = AppStore|iPhoneSimulator
		{264EE8B1-38B7-4F2B-A8AF-3D8AEA100F49}.AppStore|x64.ActiveCfg = AppStore|iPhone
		{264EE8B1-38B7-4F2B-A8AF-3D8AEA100F49}.AppStore|x86.ActiveCfg = AppStore|iPhone
		{264EE8B1-38B7-4F2B-A8AF-3D8AEA100F49}.Debug|Any CPU.ActiveCfg = Debug|iPhone
		{264EE8B1-38B7-4F2B-A8AF-3D8AEA100F49}.Debug|ARM.ActiveCfg = Debug|iPhone
		{264EE8B1-38B7-4F2B-A8AF-3D8AEA100F49}.Debug|iPhone.ActiveCfg = Debug|iPhone
		{264EE8B1-38B7-4F2B-A8AF-3D8AEA100F49}.Debug|iPhone.Build.0 = Debug|iPhone
		{264EE8B1-38B7-4F2B-A8AF-3D8AEA100F49}.Debug|iPhoneSimulator.ActiveCfg = Debug|iPhoneSimulator
		{264EE8B1-38B7-4F2B-A8AF-3D8AEA100F49}.Debug|iPhoneSimulator.Build.0 = Debug|iPhoneSimulator
		{264EE8B1-38B7-4F2B-A8AF-3D8AEA100F49}.Debug|x64.ActiveCfg = Debug|iPhone
		{264EE8B1-38B7-4F2B-A8AF-3D8AEA100F49}.Debug|x86.ActiveCfg = Debug|iPhone
		{264EE8B1-38B7-4F2B-A8AF-3D8AEA100F49}.Release|Any CPU.ActiveCfg = Release|iPhone
		{264EE8B1-38B7-4F2B-A8AF-3D8AEA100F49}.Release|ARM.ActiveCfg = Release|iPhone
		{264EE8B1-38B7-4F2B-A8AF-3D8AEA100F49}.Release|iPhone.ActiveCfg = Release|iPhone
		{264EE8B1-38B7-4F2B-A8AF-3D8AEA100F49}.Release|iPhone.Build.0 = Release|iPhone
		{264EE8B1-38B7-4F2B-A8AF-3D8AEA100F49}.Release|iPhoneSimulator.ActiveCfg = Release|iPhoneSimulator
		{264EE8B1-38B7-4F2B-A8AF-3D8AEA100F49}.Release|iPhoneSimulator.Build.0 = Release|iPhoneSimulator
		{264EE8B1-38B7-4F2B-A8AF-3D8AEA100F49}.Release|x64.ActiveCfg = Release|iPhone
		{264EE8B1-38B7-4F2B-A8AF-3D8AEA100F49}.Release|x86.ActiveCfg = Release|iPhone
		{D46839BB-2216-41AE-B4D2-E49CC02C2AAB}.Ad-Hoc|Any CPU.ActiveCfg = Release|x86
		{D46839BB-2216-41AE-B4D2-E49CC02C2AAB}.Ad-Hoc|Any CPU.Build.0 = Release|x86
		{D46839BB-2216-41AE-B4D2-E49CC02C2AAB}.Ad-Hoc|Any CPU.Deploy.0 = Release|x86
		{D46839BB-2216-41AE-B4D2-E49CC02C2AAB}.Ad-Hoc|ARM.ActiveCfg = Release|ARM
		{D46839BB-2216-41AE-B4D2-E49CC02C2AAB}.Ad-Hoc|ARM.Build.0 = Release|ARM
		{D46839BB-2216-41AE-B4D2-E49CC02C2AAB}.Ad-Hoc|ARM.Deploy.0 = Release|ARM
		{D46839BB-2216-41AE-B4D2-E49CC02C2AAB}.Ad-Hoc|iPhone.ActiveCfg = Release|x86
		{D46839BB-2216-41AE-B4D2-E49CC02C2AAB}.Ad-Hoc|iPhone.Build.0 = Release|x86
		{D46839BB-2216-41AE-B4D2-E49CC02C2AAB}.Ad-Hoc|iPhone.Deploy.0 = Release|x86
		{D46839BB-2216-41AE-B4D2-E49CC02C2AAB}.Ad-Hoc|iPhoneSimulator.ActiveCfg = Release|x86
		{D46839BB-2216-41AE-B4D2-E49CC02C2AAB}.Ad-Hoc|iPhoneSimulator.Build.0 = Release|x86
		{D46839BB-2216-41AE-B4D2-E49CC02C2AAB}.Ad-Hoc|iPhoneSimulator.Deploy.0 = Release|x86
		{D46839BB-2216-41AE-B4D2-E49CC02C2AAB}.Ad-Hoc|x64.ActiveCfg = Release|x64
		{D46839BB-2216-41AE-B4D2-E49CC02C2AAB}.Ad-Hoc|x64.Build.0 = Release|x64
		{D46839BB-2216-41AE-B4D2-E49CC02C2AAB}.Ad-Hoc|x64.Deploy.0 = Release|x64
		{D46839BB-2216-41AE-B4D2-E49CC02C2AAB}.Ad-Hoc|x86.ActiveCfg = Release|x86
		{D46839BB-2216-41AE-B4D2-E49CC02C2AAB}.Ad-Hoc|x86.Build.0 = Release|x86
		{D46839BB-2216-41AE-B4D2-E49CC02C2AAB}.Ad-Hoc|x86.Deploy.0 = Release|x86
		{D46839BB-2216-41AE-B4D2-E49CC02C2AAB}.AppStore|Any CPU.ActiveCfg = Release|x86
		{D46839BB-2216-41AE-B4D2-E49CC02C2AAB}.AppStore|Any CPU.Build.0 = Release|x86
		{D46839BB-2216-41AE-B4D2-E49CC02C2AAB}.AppStore|Any CPU.Deploy.0 = Release|x86
		{D46839BB-2216-41AE-B4D2-E49CC02C2AAB}.AppStore|ARM.ActiveCfg = Release|ARM
		{D46839BB-2216-41AE-B4D2-E49CC02C2AAB}.AppStore|ARM.Build.0 = Release|ARM
		{D46839BB-2216-41AE-B4D2-E49CC02C2AAB}.AppStore|ARM.Deploy.0 = Release|ARM
		{D46839BB-2216-41AE-B4D2-E49CC02C2AAB}.AppStore|iPhone.ActiveCfg = Release|x86
		{D46839BB-2216-41AE-B4D2-E49CC02C2AAB}.AppStore|iPhone.Build.0 = Release|x86
		{D46839BB-2216-41AE-B4D2-E49CC02C2AAB}.AppStore|iPhone.Deploy.0 = Release|x86
		{D46839BB-2216-41AE-B4D2-E49CC02C2AAB}.AppStore|iPhoneSimulator.ActiveCfg = Release|x86
		{D46839BB-2216-41AE-B4D2-E49CC02C2AAB}.AppStore|iPhoneSimulator.Build.0 = Release|x86
		{D46839BB-2216-41AE-B4D2-E49CC02C2AAB}.AppStore|iPhoneSimulator.Deploy.0 = Release|x86
		{D46839BB-2216-41AE-B4D2-E49CC02C2AAB}.AppStore|x64.ActiveCfg = Release|x64
		{D46839BB-2216-41AE-B4D2-E49CC02C2AAB}.AppStore|x64.Build.0 = Release|x64
		{D46839BB-2216-41AE-B4D2-E49CC02C2AAB}.AppStore|x64.Deploy.0 = Release|x64
		{D46839BB-2216-41AE-B4D2-E49CC02C2AAB}.AppStore|x86.ActiveCfg = Release|x86
		{D46839BB-2216-41AE-B4D2-E49CC02C2AAB}.AppStore|x86.Build.0 = Release|x86
		{D46839BB-2216-41AE-B4D2-E49CC02C2AAB}.AppStore|x86.Deploy.0 = Release|x86
		{D46839BB-2216-41AE-B4D2-E49CC02C2AAB}.Debug|Any CPU.ActiveCfg = Debug|x86
		{D46839BB-2216-41AE-B4D2-E49CC02C2AAB}.Debug|ARM.ActiveCfg = Debug|ARM
		{D46839BB-2216-41AE-B4D2-E49CC02C2AAB}.Debug|ARM.Build.0 = Debug|ARM
		{D46839BB-2216-41AE-B4D2-E49CC02C2AAB}.Debug|ARM.Deploy.0 = Debug|ARM
		{D46839BB-2216-41AE-B4D2-E49CC02C2AAB}.Debug|iPhone.ActiveCfg = Debug|x86
		{D46839BB-2216-41AE-B4D2-E49CC02C2AAB}.Debug|iPhoneSimulator.ActiveCfg = Debug|x86
		{D46839BB-2216-41AE-B4D2-E49CC02C2AAB}.Debug|x64.ActiveCfg = Debug|x64
		{D46839BB-2216-41AE-B4D2-E49CC02C2AAB}.Debug|x64.Build.0 = Debug|x64
		{D46839BB-2216-41AE-B4D2-E49CC02C2AAB}.Debug|x64.Deploy.0 = Debug|x64
		{D46839BB-2216-41AE-B4D2-E49CC02C2AAB}.Debug|x86.ActiveCfg = Debug|x86
		{D46839BB-2216-41AE-B4D2-E49CC02C2AAB}.Debug|x86.Build.0 = Debug|x86
		{D46839BB-2216-41AE-B4D2-E49CC02C2AAB}.Debug|x86.Deploy.0 = Debug|x86
		{D46839BB-2216-41AE-B4D2-E49CC02C2AAB}.Release|Any CPU.ActiveCfg = Release|x86
		{D46839BB-2216-41AE-B4D2-E49CC02C2AAB}.Release|ARM.ActiveCfg = Release|ARM
		{D46839BB-2216-41AE-B4D2-E49CC02C2AAB}.Release|ARM.Build.0 = Release|ARM
		{D46839BB-2216-41AE-B4D2-E49CC02C2AAB}.Release|ARM.Deploy.0 = Release|ARM
		{D46839BB-2216-41AE-B4D2-E49CC02C2AAB}.Release|iPhone.ActiveCfg = Release|x86
		{D46839BB-2216-41AE-B4D2-E49CC02C2AAB}.Release|iPhoneSimulator.ActiveCfg = Release|x86
		{D46839BB-2216-41AE-B4D2-E49CC02C2AAB}.Release|x64.ActiveCfg = Release|x64
		{D46839BB-2216-41AE-B4D2-E49CC02C2AAB}.Release|x64.Build.0 = Release|x64
		{D46839BB-2216-41AE-B4D2-E49CC02C2AAB}.Release|x64.Deploy.0 = Release|x64
		{D46839BB-2216-41AE-B4D2-E49CC02C2AAB}.Release|x86.ActiveCfg = Release|x86
		{D46839BB-2216-41AE-B4D2-E49CC02C2AAB}.Release|x86.Build.0 = Release|x86
		{D46839BB-2216-41AE-B4D2-E49CC02C2AAB}.Release|x86.Deploy.0 = Release|x86
		{319E5DE3-EF6B-45FF-A32A-FF415972A712}.Ad-Hoc|Any CPU.ActiveCfg = Debug|Any CPU
		{319E5DE3-EF6B-45FF-A32A-FF415972A712}.Ad-Hoc|Any CPU.Build.0 = Debug|Any CPU
		{319E5DE3-EF6B-45FF-A32A-FF415972A712}.Ad-Hoc|ARM.ActiveCfg = Debug|Any CPU
		{319E5DE3-EF6B-45FF-A32A-FF415972A712}.Ad-Hoc|ARM.Build.0 = Debug|Any CPU
		{319E5DE3-EF6B-45FF-A32A-FF415972A712}.Ad-Hoc|iPhone.ActiveCfg = Debug|Any CPU
		{319E5DE3-EF6B-45FF-A32A-FF415972A712}.Ad-Hoc|iPhone.Build.0 = Debug|Any CPU
		{319E5DE3-EF6B-45FF-A32A-FF415972A712}.Ad-Hoc|iPhoneSimulator.ActiveCfg = Debug|Any CPU
		{319E5DE3-EF6B-45FF-A32A-FF415972A712}.Ad-Hoc|iPhoneSimulator.Build.0 = Debug|Any CPU
		{319E5DE3-EF6B-45FF-A32A-FF415972A712}.Ad-Hoc|x64.ActiveCfg = Debug|Any CPU
		{319E5DE3-EF6B-45FF-A32A-FF415972A712}.Ad-Hoc|x64.Build.0 = Debug|Any CPU
		{319E5DE3-EF6B-45FF-A32A-FF415972A712}.Ad-Hoc|x86.ActiveCfg = Debug|Any CPU
		{319E5DE3-EF6B-45FF-A32A-FF415972A712}.Ad-Hoc|x86.Build.0 = Debug|Any CPU
		{319E5DE3-EF6B-45FF-A32A-FF415972A712}.AppStore|Any CPU.ActiveCfg = Debug|Any CPU
		{319E5DE3-EF6B-45FF-A32A-FF415972A712}.AppStore|Any CPU.Build.0 = Debug|Any CPU
		{319E5DE3-EF6B-45FF-A32A-FF415972A712}.AppStore|ARM.ActiveCfg = Debug|Any CPU
		{319E5DE3-EF6B-45FF-A32A-FF415972A712}.AppStore|ARM.Build.0 = Debug|Any CPU
		{319E5DE3-EF6B-45FF-A32A-FF415972A712}.AppStore|iPhone.ActiveCfg = Debug|Any CPU
		{319E5DE3-EF6B-45FF-A32A-FF415972A712}.AppStore|iPhone.Build.0 = Debug|Any CPU
		{319E5DE3-EF6B-45FF-A32A-FF415972A712}.AppStore|iPhoneSimulator.ActiveCfg = Debug|Any CPU
		{319E5DE3-EF6B-45FF-A32A-FF415972A712}.AppStore|iPhoneSimulator.Build.0 = Debug|Any CPU
		{319E5DE3-EF6B-45FF-A32A-FF415972A712}.AppStore|x64.ActiveCfg = Debug|Any CPU
		{319E5DE3-EF6B-45FF-A32A-FF415972A712}.AppStore|x64.Build.0 = Debug|Any CPU
		{319E5DE3-EF6B-45FF-A32A-FF415972A712}.AppStore|x86.ActiveCfg = Debug|Any CPU
		{319E5DE3-EF6B-45FF-A32A-FF415972A712}.AppStore|x86.Build.0 = Debug|Any CPU
		{319E5DE3-EF6B-45FF-A32A-FF415972A712}.Debug|Any CPU.ActiveCfg = Debug|Any CPU
		{319E5DE3-EF6B-45FF-A32A-FF415972A712}.Debug|Any CPU.Build.0 = Debug|Any CPU
		{319E5DE3-EF6B-45FF-A32A-FF415972A712}.Debug|ARM.ActiveCfg = Debug|Any CPU
		{319E5DE3-EF6B-45FF-A32A-FF415972A712}.Debug|ARM.Build.0 = Debug|Any CPU
		{319E5DE3-EF6B-45FF-A32A-FF415972A712}.Debug|iPhone.ActiveCfg = Debug|Any CPU
		{319E5DE3-EF6B-45FF-A32A-FF415972A712}.Debug|iPhone.Build.0 = Debug|Any CPU
		{319E5DE3-EF6B-45FF-A32A-FF415972A712}.Debug|iPhoneSimulator.ActiveCfg = Debug|Any CPU
		{319E5DE3-EF6B-45FF-A32A-FF415972A712}.Debug|iPhoneSimulator.Build.0 = Debug|Any CPU
		{319E5DE3-EF6B-45FF-A32A-FF415972A712}.Debug|x64.ActiveCfg = Debug|Any CPU
		{319E5DE3-EF6B-45FF-A32A-FF415972A712}.Debug|x64.Build.0 = Debug|Any CPU
		{319E5DE3-EF6B-45FF-A32A-FF415972A712}.Debug|x86.ActiveCfg = Debug|Any CPU
		{319E5DE3-EF6B-45FF-A32A-FF415972A712}.Debug|x86.Build.0 = Debug|Any CPU
		{319E5DE3-EF6B-45FF-A32A-FF415972A712}.Release|Any CPU.ActiveCfg = Release|Any CPU
		{319E5DE3-EF6B-45FF-A32A-FF415972A712}.Release|Any CPU.Build.0 = Release|Any CPU
		{319E5DE3-EF6B-45FF-A32A-FF415972A712}.Release|ARM.ActiveCfg = Release|Any CPU
		{319E5DE3-EF6B-45FF-A32A-FF415972A712}.Release|ARM.Build.0 = Release|Any CPU
		{319E5DE3-EF6B-45FF-A32A-FF415972A712}.Release|iPhone.ActiveCfg = Release|Any CPU
		{319E5DE3-EF6B-45FF-A32A-FF415972A712}.Release|iPhone.Build.0 = Release|Any CPU
		{319E5DE3-EF6B-45FF-A32A-FF415972A712}.Release|iPhoneSimulator.ActiveCfg = Release|Any CPU
		{319E5DE3-EF6B-45FF-A32A-FF415972A712}.Release|iPhoneSimulator.Build.0 = Release|Any CPU
		{319E5DE3-EF6B-45FF-A32A-FF415972A712}.Release|x64.ActiveCfg = Release|Any CPU
		{319E5DE3-EF6B-45FF-A32A-FF415972A712}.Release|x64.Build.0 = Release|Any CPU
		{319E5DE3-EF6B-45FF-A32A-FF415972A712}.Release|x86.ActiveCfg = Release|Any CPU
		{319E5DE3-EF6B-45FF-A32A-FF415972A712}.Release|x86.Build.0 = Release|Any CPU
	EndGlobalSection
	GlobalSection(SolutionProperties) = preSolution
		HideSolutionNode = FALSE
	EndGlobalSection
	GlobalSection(ExtensibilityGlobals) = postSolution
		SolutionGuid = {43C626EC-E3E9-49DE-8B6E-DD91D9D61E22}
	EndGlobalSection
EndGlobal
